
Microsoft Visual Studio Solution File, Format Version 12.00
# Visual Studio 15
VisualStudioVersion = 15.0.28307.489
MinimumVisualStudioVersion = 10.0.40219.1
Project("{2150E333-8FDC-42A3-9474-1A3956D46DE8}") = "src", "src", "{A277A2BA-9ACE-4D5B-A784-9E3D5EA30747}"
EndProject
Project("{FAE04EC0-301F-11D3-BF4B-00C04F79EFBC}") = "DotNetWebApiServer", "src\DotNetWebApiServer\DotNetWebApiServer.csproj", "{DEE43AF4-1CB9-4895-B811-F6854B03E683}"
EndProject
Global
	GlobalSection(SolutionConfigurationPlatforms) = preSolution
		Debug|Any CPU = Debug|Any CPU
		Release|Any CPU = Release|Any CPU
	EndGlobalSection
	GlobalSection(ProjectConfigurationPlatforms) = postSolution
		{DEE43AF4-1CB9-4895-B811-F6854B03E683}.Debug|Any CPU.ActiveCfg = Debug|Any CPU
		{DEE43AF4-1CB9-4895-B811-F6854B03E683}.Debug|Any CPU.Build.0 = Debug|Any CPU
		{DEE43AF4-1CB9-4895-B811-F6854B03E683}.Release|Any CPU.ActiveCfg = Release|Any CPU
		{DEE43AF4-1CB9-4895-B811-F6854B03E683}.Release|Any CPU.Build.0 = Release|Any CPU
	EndGlobalSection
	GlobalSection(SolutionProperties) = preSolution
		HideSolutionNode = FALSE
	EndGlobalSection
	GlobalSection(NestedProjects) = preSolution
		{DEE43AF4-1CB9-4895-B811-F6854B03E683} = {A277A2BA-9ACE-4D5B-A784-9E3D5EA30747}
	EndGlobalSection
	GlobalSection(ExtensibilityGlobals) = postSolution
		SolutionGuid = {6473B40D-F39C-40D4-A2A1-861723C27C92}
	EndGlobalSection
EndGlobal
